
Microsoft Visual Studio Solution File, Format Version 12.00
# Visual Studio Version 16
VisualStudioVersion = 16.0.34031.81
MinimumVisualStudioVersion = 10.0.40219.1
Project("{2150E333-8FDC-42A3-9474-1A3956D46DE8}") = "Task0", "Task0", "{C5C6B690-E79A-41F4-ABEA-85F03F31ECA3}"
EndProject
Project("{FAE04EC0-301F-11D3-BF4B-00C04F79EFBC}") = "Tyuiu.ChernyatevMD.Sprint0.Task0.V0", "Tyuiu.ChernyatevMD.Sprint0.Task0.V0\Tyuiu.ChernyatevMD.Sprint0.Task0.V0.csproj", "{F30CE7D8-0C38-40F8-A754-82288C99624A}"
EndProject
Global
	GlobalSection(SolutionConfigurationPlatforms) = preSolution
		Debug|Any CPU = Debug|Any CPU
		Release|Any CPU = Release|Any CPU
	EndGlobalSection
	GlobalSection(ProjectConfigurationPlatforms) = postSolution
		{F30CE7D8-0C38-40F8-A754-82288C99624A}.Debug|Any CPU.ActiveCfg = Debug|Any CPU
		{F30CE7D8-0C38-40F8-A754-82288C99624A}.Debug|Any CPU.Build.0 = Debug|Any CPU
		{F30CE7D8-0C38-40F8-A754-82288C99624A}.Release|Any CPU.ActiveCfg = Release|Any CPU
		{F30CE7D8-0C38-40F8-A754-82288C99624A}.Release|Any CPU.Build.0 = Release|Any CPU
	EndGlobalSection
	GlobalSection(SolutionProperties) = preSolution
		HideSolutionNode = FALSE
	EndGlobalSection
	GlobalSection(NestedProjects) = preSolution
		{F30CE7D8-0C38-40F8-A754-82288C99624A} = {C5C6B690-E79A-41F4-ABEA-85F03F31ECA3}
	EndGlobalSection
	GlobalSection(ExtensibilityGlobals) = postSolution
		SolutionGuid = {65FE7556-D7DC-48F6-953D-45CBD9DFD2BD}
	EndGlobalSection
EndGlobal
